
Microsoft Visual Studio Solution File, Format Version 12.00
# Visual Studio Version 16
VisualStudioVersion = 16.0.30804.86
MinimumVisualStudioVersion = 10.0.40219.1
Project("{9A19103F-16F7-4668-BE54-9A1E7A4F7556}") = "Payment.Service", "Payment.Service\Payment.Service.csproj", "{44C915D9-D765-4A59-9699-BF98C0B2923C}"
EndProject
Project("{9A19103F-16F7-4668-BE54-9A1E7A4F7556}") = "Product.Service", "Product.Service\Product.Service.csproj", "{D76B3195-8609-4252-9AFE-2BEA26D3DB42}"
EndProject
Project("{9A19103F-16F7-4668-BE54-9A1E7A4F7556}") = "ApiGateway", "ApiGateway\ApiGateway.csproj", "{985C5876-6341-43DC-88DD-974596D72C93}"
EndProject
Project("{9A19103F-16F7-4668-BE54-9A1E7A4F7556}") = "Identity.Service", "Identity.Service\Identity.Service.csproj", "{C14015A8-C26B-448A-817E-0559F0101969}"
EndProject
Project("{FAE04EC0-301F-11D3-BF4B-00C04F79EFBC}") = "WebApp", "WebApp\WebApp.csproj", "{3DCA15A5-692F-41FF-9B03-3567DECAF1BA}"
EndProject
Global
	GlobalSection(SolutionConfigurationPlatforms) = preSolution
		Debug|Any CPU = Debug|Any CPU
		Release|Any CPU = Release|Any CPU
	EndGlobalSection
	GlobalSection(ProjectConfigurationPlatforms) = postSolution
		{44C915D9-D765-4A59-9699-BF98C0B2923C}.Debug|Any CPU.ActiveCfg = Debug|Any CPU
		{44C915D9-D765-4A59-9699-BF98C0B2923C}.Debug|Any CPU.Build.0 = Debug|Any CPU
		{44C915D9-D765-4A59-9699-BF98C0B2923C}.Release|Any CPU.ActiveCfg = Release|Any CPU
		{44C915D9-D765-4A59-9699-BF98C0B2923C}.Release|Any CPU.Build.0 = Release|Any CPU
		{D76B3195-8609-4252-9AFE-2BEA26D3DB42}.Debug|Any CPU.ActiveCfg = Debug|Any CPU
		{D76B3195-8609-4252-9AFE-2BEA26D3DB42}.Debug|Any CPU.Build.0 = Debug|Any CPU
		{D76B3195-8609-4252-9AFE-2BEA26D3DB42}.Release|Any CPU.ActiveCfg = Release|Any CPU
		{D76B3195-8609-4252-9AFE-2BEA26D3DB42}.Release|Any CPU.Build.0 = Release|Any CPU
		{985C5876-6341-43DC-88DD-974596D72C93}.Debug|Any CPU.ActiveCfg = Debug|Any CPU
		{985C5876-6341-43DC-88DD-974596D72C93}.Debug|Any CPU.Build.0 = Debug|Any CPU
		{985C5876-6341-43DC-88DD-974596D72C93}.Release|Any CPU.ActiveCfg = Release|Any CPU
		{985C5876-6341-43DC-88DD-974596D72C93}.Release|Any CPU.Build.0 = Release|Any CPU
		{C14015A8-C26B-448A-817E-0559F0101969}.Debug|Any CPU.ActiveCfg = Debug|Any CPU
		{C14015A8-C26B-448A-817E-0559F0101969}.Debug|Any CPU.Build.0 = Debug|Any CPU
		{C14015A8-C26B-448A-817E-0559F0101969}.Release|Any CPU.ActiveCfg = Release|Any CPU
		{C14015A8-C26B-448A-817E-0559F0101969}.Release|Any CPU.Build.0 = Release|Any CPU
		{3DCA15A5-692F-41FF-9B03-3567DECAF1BA}.Debug|Any CPU.ActiveCfg = Debug|Any CPU
		{3DCA15A5-692F-41FF-9B03-3567DECAF1BA}.Debug|Any CPU.Build.0 = Debug|Any CPU
		{3DCA15A5-692F-41FF-9B03-3567DECAF1BA}.Release|Any CPU.ActiveCfg = Release|Any CPU
		{3DCA15A5-692F-41FF-9B03-3567DECAF1BA}.Release|Any CPU.Build.0 = Release|Any CPU
	EndGlobalSection
	GlobalSection(SolutionProperties) = preSolution
		HideSolutionNode = FALSE
	EndGlobalSection
	GlobalSection(ExtensibilityGlobals) = postSolution
		SolutionGuid = {AD1A5344-733B-488D-9B9B-513B782E11BE}
	EndGlobalSection
EndGlobal
