
Microsoft Visual Studio Solution File, Format Version 12.00
# Visual Studio Version 16
VisualStudioVersion = 16.0.30804.86
MinimumVisualStudioVersion = 10.0.40219.1
Project("{FAE04EC0-301F-11D3-BF4B-00C04F79EFBC}") = "Weather.Service", "Weather.Service\Weather.Service.csproj", "{6738ACF0-28FE-4AD9-A597-0242758EBAC0}"
EndProject
Project("{FAE04EC0-301F-11D3-BF4B-00C04F79EFBC}") = "Identity.Service", "Identity.Service\Identity.Service.csproj", "{E06C67C9-962F-4022-9813-6F54007A29CA}"
EndProject
Project("{FAE04EC0-301F-11D3-BF4B-00C04F79EFBC}") = "WebApp", "WebApp\WebApp.csproj", "{806913BE-BDFE-4097-8A64-4228D97CC32D}"
EndProject
Global
	GlobalSection(SolutionConfigurationPlatforms) = preSolution
		Debug|Any CPU = Debug|Any CPU
		Release|Any CPU = Release|Any CPU
	EndGlobalSection
	GlobalSection(ProjectConfigurationPlatforms) = postSolution
		{6738ACF0-28FE-4AD9-A597-0242758EBAC0}.Debug|Any CPU.ActiveCfg = Debug|Any CPU
		{6738ACF0-28FE-4AD9-A597-0242758EBAC0}.Debug|Any CPU.Build.0 = Debug|Any CPU
		{6738ACF0-28FE-4AD9-A597-0242758EBAC0}.Release|Any CPU.ActiveCfg = Release|Any CPU
		{6738ACF0-28FE-4AD9-A597-0242758EBAC0}.Release|Any CPU.Build.0 = Release|Any CPU
		{E06C67C9-962F-4022-9813-6F54007A29CA}.Debug|Any CPU.ActiveCfg = Debug|Any CPU
		{E06C67C9-962F-4022-9813-6F54007A29CA}.Debug|Any CPU.Build.0 = Debug|Any CPU
		{E06C67C9-962F-4022-9813-6F54007A29CA}.Release|Any CPU.ActiveCfg = Release|Any CPU
		{E06C67C9-962F-4022-9813-6F54007A29CA}.Release|Any CPU.Build.0 = Release|Any CPU
		{806913BE-BDFE-4097-8A64-4228D97CC32D}.Debug|Any CPU.ActiveCfg = Debug|Any CPU
		{806913BE-BDFE-4097-8A64-4228D97CC32D}.Debug|Any CPU.Build.0 = Debug|Any CPU
		{806913BE-BDFE-4097-8A64-4228D97CC32D}.Release|Any CPU.ActiveCfg = Release|Any CPU
		{806913BE-BDFE-4097-8A64-4228D97CC32D}.Release|Any CPU.Build.0 = Release|Any CPU
	EndGlobalSection
	GlobalSection(SolutionProperties) = preSolution
		HideSolutionNode = FALSE
	EndGlobalSection
	GlobalSection(ExtensibilityGlobals) = postSolution
		SolutionGuid = {9A37E7CD-B1D0-46DF-A9C0-B2A370C606E8}
	EndGlobalSection
EndGlobal
